{
  "requires": true,
  "lockfileVersion": 1,
  "dependencies": {
    "async": {
      "version": "1.5.2",
      "resolved": "http://nxrm-aplattel.ngrok.io/repository/npm-proxy/async/-/async-1.5.2.tgz",
      "integrity": "sha1-7GphrlZIDAw8skHJVhjiCJL5Zyo="
    },
    "base64url": {
      "version": "0.0.6",
      "resolved": "http://nxrm-aplattel.ngrok.io/repository/npm-proxy/base64url/-/base64url-0.0.6.tgz",
      "integrity": "sha1-lZezazMNscQkdzIuqH6oAnSZuCs="
    },
    "buffer-equal-constant-time": {
      "version": "1.0.1",
      "resolved": "http://nxrm-aplattel.ngrok.io/repository/npm-proxy/buffer-equal-constant-time/-/buffer-equal-constant-time-1.0.1.tgz",
      "integrity": "sha1-+OcRMvf/5uAaXJaXpMbz5I1cyBk="
    },
    "ecdsa-sig-formatter": {
      "version": "1.0.11",
      "resolved": "http://nxrm-aplattel.ngrok.io/repository/npm-proxy/ecdsa-sig-formatter/-/ecdsa-sig-formatter-1.0.11.tgz",
      "integrity": "sha512-nagl3RYrbNv6kQkeJIpt6NJZy8twLB/2vtz6yN9Z4vRKHN4/QZJIEbqohALSgwKdnksuY3k5Addp5lg8sVoVcQ==",
      "requires": {
        "safe-buffer": "^5.0.1"
      }
    },
    "express-jwt": {
      "version": "0.1.4",
      "resolved": "http://nxrm-aplattel.ngrok.io/repository/npm-proxy/express-jwt/-/express-jwt-0.1.4.tgz",
      "integrity": "sha1-pg9xe94ENBbEQDMdKR8Pi28A5to=",
      "requires": {
        "jsonwebtoken": "~0.3.0"
      },
      "dependencies": {
        "jsonwebtoken": {
          "version": "0.3.0",
          "resolved": "http://nxrm-aplattel.ngrok.io/repository/npm-proxy/jsonwebtoken/-/jsonwebtoken-0.3.0.tgz",
          "integrity": "sha1-grSoW1aNToPH4dZzWwvnU5l8efs=",
          "requires": {
            "jws": "~0.2.2"
          }
        },
        "jwa": {
          "version": "0.0.1",
          "resolved": "http://nxrm-aplattel.ngrok.io/repository/npm-proxy/jwa/-/jwa-0.0.1.tgz",
          "integrity": "sha1-LQX1TWjxcGSMMP5FlEcxo4jNB8w=",
          "requires": {
            "base64url": "~0.0.3"
          }
        },
        "jws": {
          "version": "0.2.6",
          "resolved": "http://nxrm-aplattel.ngrok.io/repository/npm-proxy/jws/-/jws-0.2.6.tgz",
          "integrity": "sha1-6bfprI0qwQZ0EyM7xsIPvYho6bo=",
          "requires": {
            "base64url": "0.0.6",
            "jwa": "0.0.1"
          }
        }
      }
    },
    "express-unless": {
      "version": "1.0.0",
      "resolved": "http://nxrm-aplattel.ngrok.io/repository/npm-proxy/express-unless/-/express-unless-1.0.0.tgz",
      "integrity": "sha512-zXSSClWBPfcSYjg0hcQNompkFN/MxQQ53eyrzm9BYgik2ut2I7PxAf2foVqBRMYCwWaZx/aWodi+uk76npdSAw=="
    },
    "jsonwebtoken": {
      "version": "8.5.1",
      "resolved": "http://nxrm-aplattel.ngrok.io/repository/npm-proxy/jsonwebtoken/-/jsonwebtoken-8.5.1.tgz",
      "integrity": "sha512-XjwVfRS6jTMsqYs0EsuJ4LGxXV14zQybNd4L2r0UvbVnSF9Af8x7p5MzbJ90Ioz/9TI41/hTCvznF/loiSzn8w==",
      "requires": {
        "jws": "^3.2.2",
        "lodash.includes": "^4.3.0",
        "lodash.isboolean": "^3.0.3",
        "lodash.isinteger": "^4.0.4",
        "lodash.isnumber": "^3.0.3",
        "lodash.isplainobject": "^4.0.6",
        "lodash.isstring": "^4.0.1",
        "lodash.once": "^4.0.0",
        "ms": "^2.1.1",
        "semver": "^5.6.0"
      }
    },
    "jwa": {
      "version": "1.4.1",
      "resolved": "http://nxrm-aplattel.ngrok.io/repository/npm-proxy/jwa/-/jwa-1.4.1.tgz",
      "integrity": "sha512-qiLX/xhEEFKUAJ6FiBMbes3w9ATzyk5W7Hvzpa/SLYdxNtng+gcurvrI7TbACjIXlsJyr05/S1oUhZrc63evQA==",
      "requires": {
        "buffer-equal-constant-time": "1.0.1",
        "ecdsa-sig-formatter": "1.0.11",
        "safe-buffer": "^5.0.1"
      }
    },
    "jws": {
      "version": "3.2.2",
      "resolved": "http://nxrm-aplattel.ngrok.io/repository/npm-proxy/jws/-/jws-3.2.2.tgz",
      "integrity": "sha512-YHlZCB6lMTllWDtSPHz/ZXTsi8S00usEV6v1tjq8tOUZzw7DpSDWVXjXDre6ed1w/pd495ODpHZYSdkRTsa0HA==",
      "requires": {
        "jwa": "^1.4.1",
        "safe-buffer": "^5.0.1"
      }
    },
    "lodash.includes": {
      "version": "4.3.0",
      "resolved": "http://nxrm-aplattel.ngrok.io/repository/npm-proxy/lodash.includes/-/lodash.includes-4.3.0.tgz",
      "integrity": "sha1-YLuYqHy5I8aMoeUTJUgzFISfVT8="
    },
    "lodash.isboolean": {
      "version": "3.0.3",
      "resolved": "http://nxrm-aplattel.ngrok.io/repository/npm-proxy/lodash.isboolean/-/lodash.isboolean-3.0.3.tgz",
      "integrity": "sha1-bC4XHbKiV82WgC/UOwGyDV9YcPY="
    },
    "lodash.isinteger": {
      "version": "4.0.4",
      "resolved": "http://nxrm-aplattel.ngrok.io/repository/npm-proxy/lodash.isinteger/-/lodash.isinteger-4.0.4.tgz",
      "integrity": "sha1-YZwK89A/iwTDH1iChAt3sRzWg0M="
    },
    "lodash.isnumber": {
      "version": "3.0.3",
      "resolved": "http://nxrm-aplattel.ngrok.io/repository/npm-proxy/lodash.isnumber/-/lodash.isnumber-3.0.3.tgz",
      "integrity": "sha1-POdoEMWSjQM1IwGsKHMX8RwLH/w="
    },
    "lodash.isplainobject": {
      "version": "4.0.6",
      "resolved": "http://nxrm-aplattel.ngrok.io/repository/npm-proxy/lodash.isplainobject/-/lodash.isplainobject-4.0.6.tgz",
      "integrity": "sha1-fFJqUtibRcRcxpC4gWO+BJf1UMs="
    },
    "lodash.isstring": {
      "version": "4.0.1",
      "resolved": "http://nxrm-aplattel.ngrok.io/repository/npm-proxy/lodash.isstring/-/lodash.isstring-4.0.1.tgz",
      "integrity": "sha1-1SfftUVuynzJu5XV2ur4i6VKVFE="
    },
    "lodash.once": {
      "version": "4.1.1",
      "resolved": "http://nxrm-aplattel.ngrok.io/repository/npm-proxy/lodash.once/-/lodash.once-4.1.1.tgz",
      "integrity": "sha1-DdOXEhPHxW34gJd9UEyI+0cal6w="
    },
    "lodash.set": {
      "version": "4.3.2",
      "resolved": "http://nxrm-aplattel.ngrok.io/repository/npm-proxy/lodash.set/-/lodash.set-4.3.2.tgz",
      "integrity": "sha1-2HV7HagH3eJIFrDWqEvqGnYjCyM="
    },
    "ms": {
      "version": "2.1.3",
      "resolved": "http://nxrm-aplattel.ngrok.io/repository/npm-proxy/ms/-/ms-2.1.3.tgz",
      "integrity": "sha512-6FlzubTLZG3J2a/NVCAleEhjzq5oxgHyaCU9yYXvcLsvoVaHJq/s5xXI6/XXP6tz7R9xAOtHnSO/tXtF3WRTlA=="
    },
    "safe-buffer": {
      "version": "5.2.1",
      "resolved": "http://nxrm-aplattel.ngrok.io/repository/npm-proxy/safe-buffer/-/safe-buffer-5.2.1.tgz",
      "integrity": "sha512-rp3So07KcdmmKbGvgaNxQSJr7bGVSVk5S9Eq1F+ppbRo70+YeaDxkw5Dd8NPN+GD6bjnYm2VuPuCXmpuYvmCXQ=="
    },
    "semver": {
      "version": "5.7.1",
      "resolved": "http://nxrm-aplattel.ngrok.io/repository/npm-proxy/semver/-/semver-5.7.1.tgz",
      "integrity": "sha512-sauaDf/PZdVgrLTNYHRtpXa1iRiKcaebiKQ1BJdpQlWH2lCvexQdX55snPFyK7QzpudqbCI0qXFfOasHdyNDGQ=="
    }
  }
}
